
Microsoft Visual Studio Solution File, Format Version 12.00
# Visual Studio 14
VisualStudioVersion = 14.0.25420.1
MinimumVisualStudioVersion = 10.0.40219.1
Project("{FAE04EC0-301F-11D3-BF4B-00C04F79EFBC}") = "MVC4ASPNETWebApiClient", "MVC4ASPNETWebApiClient\MVC4ASPNETWebApiClient.csproj", "{25A56AA4-CAAC-43DE-9CA0-F2569F1AC7A7}"
EndProject
Project("{FAE04EC0-301F-11D3-BF4B-00C04F79EFBC}") = "MVC4ASPNETWebApi", "MVC4ASPNETWebApi\MVC4ASPNETWebApi.csproj", "{E549B2ED-3C07-4AED-9DFC-A6174145BCFC}"
EndProject
Global
	GlobalSection(SolutionConfigurationPlatforms) = preSolution
		Debug|Any CPU = Debug|Any CPU
		Debug|x86 = Debug|x86
		Release|Any CPU = Release|Any CPU
		Release|x86 = Release|x86
	EndGlobalSection
	GlobalSection(ProjectConfigurationPlatforms) = postSolution
		{25A56AA4-CAAC-43DE-9CA0-F2569F1AC7A7}.Debug|Any CPU.ActiveCfg = Debug|x86
		{25A56AA4-CAAC-43DE-9CA0-F2569F1AC7A7}.Debug|x86.ActiveCfg = Debug|x86
		{25A56AA4-CAAC-43DE-9CA0-F2569F1AC7A7}.Debug|x86.Build.0 = Debug|x86
		{25A56AA4-CAAC-43DE-9CA0-F2569F1AC7A7}.Release|Any CPU.ActiveCfg = Release|x86
		{25A56AA4-CAAC-43DE-9CA0-F2569F1AC7A7}.Release|x86.ActiveCfg = Release|x86
		{25A56AA4-CAAC-43DE-9CA0-F2569F1AC7A7}.Release|x86.Build.0 = Release|x86
		{E549B2ED-3C07-4AED-9DFC-A6174145BCFC}.Debug|Any CPU.ActiveCfg = Debug|Any CPU
		{E549B2ED-3C07-4AED-9DFC-A6174145BCFC}.Debug|Any CPU.Build.0 = Debug|Any CPU
		{E549B2ED-3C07-4AED-9DFC-A6174145BCFC}.Debug|x86.ActiveCfg = Debug|Any CPU
		{E549B2ED-3C07-4AED-9DFC-A6174145BCFC}.Debug|x86.Build.0 = Debug|Any CPU
		{E549B2ED-3C07-4AED-9DFC-A6174145BCFC}.Release|Any CPU.ActiveCfg = Release|Any CPU
		{E549B2ED-3C07-4AED-9DFC-A6174145BCFC}.Release|Any CPU.Build.0 = Release|Any CPU
		{E549B2ED-3C07-4AED-9DFC-A6174145BCFC}.Release|x86.ActiveCfg = Release|Any CPU
		{E549B2ED-3C07-4AED-9DFC-A6174145BCFC}.Release|x86.Build.0 = Release|Any CPU
	EndGlobalSection
	GlobalSection(SolutionProperties) = preSolution
		HideSolutionNode = FALSE
	EndGlobalSection
EndGlobal
